{
  "name": "VideoIndexerSDK",
  "lockfileVersion": 3,
  "requires": true,
  "packages": {
    "": {
      "dependencies": {
        "@azure/video-indexer-widgets": "^1.0.5"
      }
    },
    "node_modules/@azure/video-indexer-widgets": {
      "version": "1.0.5",
      "resolved": "https://registry.npmjs.org/@azure/video-indexer-widgets/-/video-indexer-widgets-1.0.5.tgz",
      "integrity": "sha512-9u0oAEgyzqeqPuu6m3Dhn04hXUENvvFeAZf95M69H0Rnu9U1gLQM1M6utsdExy4qj+/FWAcbjYN4bv2eXWY1rg==",
      "license": "MIT"
    }
  }
}
