
Microsoft Visual Studio Solution File, Format Version 12.00
# Visual Studio Version 17
VisualStudioVersion = 17.12.35309.182
MinimumVisualStudioVersion = 10.0.40219.1
Project("{FAE04EC0-301F-11D3-BF4B-00C04F79EFBC}") = "VideoIndexPoc2", "VideoIndexPoc2\VideoIndexPoc2.csproj", "{89923333-6494-4959-ABEE-9D5A4E700513}"
EndProject
Project("{FAE04EC0-301F-11D3-BF4B-00C04F79EFBC}") = "AspireApp1.AppHost", "AspireApp1\AspireApp1.AppHost\AspireApp1.AppHost.csproj", "{E3C14DF6-EEE5-4E0B-8AC9-1109FC275CDE}"
EndProject
Project("{FAE04EC0-301F-11D3-BF4B-00C04F79EFBC}") = "AspireApp1.ServiceDefaults", "AspireApp1\AspireApp1.ServiceDefaults\AspireApp1.ServiceDefaults.csproj", "{F9222B91-99B7-2420-265D-E51F0CE78C78}"
EndProject
Project("{FAE04EC0-301F-11D3-BF4B-00C04F79EFBC}") = "VideoIndexerAccessCore", "VideoIndexerAccessCore\VideoIndexerAccessCore.csproj", "{1F173745-EE38-7431-8701-6C6DCC60AF8E}"
EndProject
Project("{FAE04EC0-301F-11D3-BF4B-00C04F79EFBC}") = "VideoIndexerAccess", "VideoIndexerAccess\VideoIndexerAccess.csproj", "{A88C5B87-AADE-41AC-A26A-BCD5A312EB52}"
EndProject
Project("{FAE04EC0-301F-11D3-BF4B-00C04F79EFBC}") = "VideoIndexerAccessCoreExtension", "VideoIndexerAccessCoreExtension\VideoIndexerAccessCoreExtension.csproj", "{2901483F-78CD-4B0C-8EA0-F30421526563}"
EndProject
Project("{FAE04EC0-301F-11D3-BF4B-00C04F79EFBC}") = "VideoIndexerAccessExtension", "VideoIndexerAccessExtension\VideoIndexerAccessExtension.csproj", "{7A2F9B29-76D0-4E83-8A11-868189497902}"
EndProject
Project("{FAE04EC0-301F-11D3-BF4B-00C04F79EFBC}") = "VideoIndexerAccessCoreTests", "VideoIndexerAccessCoreTests\VideoIndexerAccessCoreTests.csproj", "{DCC26CFB-01D3-4B4A-96ED-46450371232F}"
EndProject
Project("{FAE04EC0-301F-11D3-BF4B-00C04F79EFBC}") = "VideoIndexerAccessTests", "VideoIndexerAccessTests\VideoIndexerAccessTests.csproj", "{DD149088-8702-488B-B353-6A9B8CA32DB2}"
EndProject
Project("{FAE04EC0-301F-11D3-BF4B-00C04F79EFBC}") = "VideoIndexBoot", "VideoIndexBoot\VideoIndexBoot.csproj", "{77A42BA0-D5EA-4290-860D-3015A32CE159}"
EndProject
Global
	GlobalSection(SolutionConfigurationPlatforms) = preSolution
		Debug|ARM64 = Debug|ARM64
		Debug|x64 = Debug|x64
		Debug|x86 = Debug|x86
		Release|ARM64 = Release|ARM64
		Release|x64 = Release|x64
		Release|x86 = Release|x86
	EndGlobalSection
	GlobalSection(ProjectConfigurationPlatforms) = postSolution
		{89923333-6494-4959-ABEE-9D5A4E700513}.Debug|ARM64.ActiveCfg = Debug|ARM64
		{89923333-6494-4959-ABEE-9D5A4E700513}.Debug|ARM64.Build.0 = Debug|ARM64
		{89923333-6494-4959-ABEE-9D5A4E700513}.Debug|ARM64.Deploy.0 = Debug|ARM64
		{89923333-6494-4959-ABEE-9D5A4E700513}.Debug|x64.ActiveCfg = Debug|x64
		{89923333-6494-4959-ABEE-9D5A4E700513}.Debug|x64.Build.0 = Debug|x64
		{89923333-6494-4959-ABEE-9D5A4E700513}.Debug|x64.Deploy.0 = Debug|x64
		{89923333-6494-4959-ABEE-9D5A4E700513}.Debug|x86.ActiveCfg = Debug|x86
		{89923333-6494-4959-ABEE-9D5A4E700513}.Debug|x86.Build.0 = Debug|x86
		{89923333-6494-4959-ABEE-9D5A4E700513}.Debug|x86.Deploy.0 = Debug|x86
		{89923333-6494-4959-ABEE-9D5A4E700513}.Release|ARM64.ActiveCfg = Release|ARM64
		{89923333-6494-4959-ABEE-9D5A4E700513}.Release|ARM64.Build.0 = Release|ARM64
		{89923333-6494-4959-ABEE-9D5A4E700513}.Release|ARM64.Deploy.0 = Release|ARM64
		{89923333-6494-4959-ABEE-9D5A4E700513}.Release|x64.ActiveCfg = Release|x64
		{89923333-6494-4959-ABEE-9D5A4E700513}.Release|x64.Deploy.0 = Release|x64
		{89923333-6494-4959-ABEE-9D5A4E700513}.Release|x86.ActiveCfg = Release|x86
		{89923333-6494-4959-ABEE-9D5A4E700513}.Release|x86.Build.0 = Release|x86
		{89923333-6494-4959-ABEE-9D5A4E700513}.Release|x86.Deploy.0 = Release|x86
		{E3C14DF6-EEE5-4E0B-8AC9-1109FC275CDE}.Debug|ARM64.ActiveCfg = Debug|Any CPU
		{E3C14DF6-EEE5-4E0B-8AC9-1109FC275CDE}.Debug|x64.ActiveCfg = Debug|Any CPU
		{E3C14DF6-EEE5-4E0B-8AC9-1109FC275CDE}.Debug|x86.ActiveCfg = Debug|Any CPU
		{E3C14DF6-EEE5-4E0B-8AC9-1109FC275CDE}.Release|ARM64.ActiveCfg = Release|AnyCPU
		{E3C14DF6-EEE5-4E0B-8AC9-1109FC275CDE}.Release|ARM64.Build.0 = Release|AnyCPU
		{E3C14DF6-EEE5-4E0B-8AC9-1109FC275CDE}.Release|x64.ActiveCfg = Release|AnyCPU
		{E3C14DF6-EEE5-4E0B-8AC9-1109FC275CDE}.Release|x86.ActiveCfg = Release|AnyCPU
		{E3C14DF6-EEE5-4E0B-8AC9-1109FC275CDE}.Release|x86.Build.0 = Release|AnyCPU
		{F9222B91-99B7-2420-265D-E51F0CE78C78}.Debug|ARM64.ActiveCfg = Debug|Any CPU
		{F9222B91-99B7-2420-265D-E51F0CE78C78}.Debug|x64.ActiveCfg = Debug|Any CPU
		{F9222B91-99B7-2420-265D-E51F0CE78C78}.Debug|x86.ActiveCfg = Debug|Any CPU
		{F9222B91-99B7-2420-265D-E51F0CE78C78}.Release|ARM64.ActiveCfg = Release|AnyCPU
		{F9222B91-99B7-2420-265D-E51F0CE78C78}.Release|ARM64.Build.0 = Release|AnyCPU
		{F9222B91-99B7-2420-265D-E51F0CE78C78}.Release|x64.ActiveCfg = Release|AnyCPU
		{F9222B91-99B7-2420-265D-E51F0CE78C78}.Release|x86.ActiveCfg = Release|AnyCPU
		{F9222B91-99B7-2420-265D-E51F0CE78C78}.Release|x86.Build.0 = Release|AnyCPU
		{1F173745-EE38-7431-8701-6C6DCC60AF8E}.Debug|ARM64.ActiveCfg = Debug|Any CPU
		{1F173745-EE38-7431-8701-6C6DCC60AF8E}.Debug|ARM64.Build.0 = Debug|Any CPU
		{1F173745-EE38-7431-8701-6C6DCC60AF8E}.Debug|x64.ActiveCfg = Debug|Any CPU
		{1F173745-EE38-7431-8701-6C6DCC60AF8E}.Debug|x64.Build.0 = Debug|Any CPU
		{1F173745-EE38-7431-8701-6C6DCC60AF8E}.Debug|x86.ActiveCfg = Debug|Any CPU
		{1F173745-EE38-7431-8701-6C6DCC60AF8E}.Debug|x86.Build.0 = Debug|Any CPU
		{1F173745-EE38-7431-8701-6C6DCC60AF8E}.Release|ARM64.ActiveCfg = Release|Any CPU
		{1F173745-EE38-7431-8701-6C6DCC60AF8E}.Release|ARM64.Build.0 = Release|Any CPU
		{1F173745-EE38-7431-8701-6C6DCC60AF8E}.Release|x64.ActiveCfg = Release|Any CPU
		{1F173745-EE38-7431-8701-6C6DCC60AF8E}.Release|x64.Build.0 = Release|Any CPU
		{1F173745-EE38-7431-8701-6C6DCC60AF8E}.Release|x86.ActiveCfg = Release|Any CPU
		{1F173745-EE38-7431-8701-6C6DCC60AF8E}.Release|x86.Build.0 = Release|Any CPU
		{A88C5B87-AADE-41AC-A26A-BCD5A312EB52}.Debug|ARM64.ActiveCfg = Debug|Any CPU
		{A88C5B87-AADE-41AC-A26A-BCD5A312EB52}.Debug|ARM64.Build.0 = Debug|Any CPU
		{A88C5B87-AADE-41AC-A26A-BCD5A312EB52}.Debug|x64.ActiveCfg = Debug|Any CPU
		{A88C5B87-AADE-41AC-A26A-BCD5A312EB52}.Debug|x64.Build.0 = Debug|Any CPU
		{A88C5B87-AADE-41AC-A26A-BCD5A312EB52}.Debug|x86.ActiveCfg = Debug|Any CPU
		{A88C5B87-AADE-41AC-A26A-BCD5A312EB52}.Debug|x86.Build.0 = Debug|Any CPU
		{A88C5B87-AADE-41AC-A26A-BCD5A312EB52}.Release|ARM64.ActiveCfg = Release|Any CPU
		{A88C5B87-AADE-41AC-A26A-BCD5A312EB52}.Release|ARM64.Build.0 = Release|Any CPU
		{A88C5B87-AADE-41AC-A26A-BCD5A312EB52}.Release|x64.ActiveCfg = Release|Any CPU
		{A88C5B87-AADE-41AC-A26A-BCD5A312EB52}.Release|x64.Build.0 = Release|Any CPU
		{A88C5B87-AADE-41AC-A26A-BCD5A312EB52}.Release|x86.ActiveCfg = Release|Any CPU
		{A88C5B87-AADE-41AC-A26A-BCD5A312EB52}.Release|x86.Build.0 = Release|Any CPU
		{2901483F-78CD-4B0C-8EA0-F30421526563}.Debug|ARM64.ActiveCfg = Debug|Any CPU
		{2901483F-78CD-4B0C-8EA0-F30421526563}.Debug|ARM64.Build.0 = Debug|Any CPU
		{2901483F-78CD-4B0C-8EA0-F30421526563}.Debug|x64.ActiveCfg = Debug|Any CPU
		{2901483F-78CD-4B0C-8EA0-F30421526563}.Debug|x64.Build.0 = Debug|Any CPU
		{2901483F-78CD-4B0C-8EA0-F30421526563}.Debug|x86.ActiveCfg = Debug|Any CPU
		{2901483F-78CD-4B0C-8EA0-F30421526563}.Debug|x86.Build.0 = Debug|Any CPU
		{2901483F-78CD-4B0C-8EA0-F30421526563}.Release|ARM64.ActiveCfg = Release|Any CPU
		{2901483F-78CD-4B0C-8EA0-F30421526563}.Release|ARM64.Build.0 = Release|Any CPU
		{2901483F-78CD-4B0C-8EA0-F30421526563}.Release|x64.ActiveCfg = Release|Any CPU
		{2901483F-78CD-4B0C-8EA0-F30421526563}.Release|x64.Build.0 = Release|Any CPU
		{2901483F-78CD-4B0C-8EA0-F30421526563}.Release|x86.ActiveCfg = Release|Any CPU
		{2901483F-78CD-4B0C-8EA0-F30421526563}.Release|x86.Build.0 = Release|Any CPU
		{7A2F9B29-76D0-4E83-8A11-868189497902}.Debug|ARM64.ActiveCfg = Debug|Any CPU
		{7A2F9B29-76D0-4E83-8A11-868189497902}.Debug|ARM64.Build.0 = Debug|Any CPU
		{7A2F9B29-76D0-4E83-8A11-868189497902}.Debug|x64.ActiveCfg = Debug|Any CPU
		{7A2F9B29-76D0-4E83-8A11-868189497902}.Debug|x64.Build.0 = Debug|Any CPU
		{7A2F9B29-76D0-4E83-8A11-868189497902}.Debug|x86.ActiveCfg = Debug|Any CPU
		{7A2F9B29-76D0-4E83-8A11-868189497902}.Debug|x86.Build.0 = Debug|Any CPU
		{7A2F9B29-76D0-4E83-8A11-868189497902}.Release|ARM64.ActiveCfg = Release|Any CPU
		{7A2F9B29-76D0-4E83-8A11-868189497902}.Release|ARM64.Build.0 = Release|Any CPU
		{7A2F9B29-76D0-4E83-8A11-868189497902}.Release|x64.ActiveCfg = Release|Any CPU
		{7A2F9B29-76D0-4E83-8A11-868189497902}.Release|x64.Build.0 = Release|Any CPU
		{7A2F9B29-76D0-4E83-8A11-868189497902}.Release|x86.ActiveCfg = Release|Any CPU
		{7A2F9B29-76D0-4E83-8A11-868189497902}.Release|x86.Build.0 = Release|Any CPU
		{DCC26CFB-01D3-4B4A-96ED-46450371232F}.Debug|ARM64.ActiveCfg = Debug|Any CPU
		{DCC26CFB-01D3-4B4A-96ED-46450371232F}.Debug|ARM64.Build.0 = Debug|Any CPU
		{DCC26CFB-01D3-4B4A-96ED-46450371232F}.Debug|x64.ActiveCfg = Debug|Any CPU
		{DCC26CFB-01D3-4B4A-96ED-46450371232F}.Debug|x64.Build.0 = Debug|Any CPU
		{DCC26CFB-01D3-4B4A-96ED-46450371232F}.Debug|x86.ActiveCfg = Debug|Any CPU
		{DCC26CFB-01D3-4B4A-96ED-46450371232F}.Debug|x86.Build.0 = Debug|Any CPU
		{DCC26CFB-01D3-4B4A-96ED-46450371232F}.Release|ARM64.ActiveCfg = Release|Any CPU
		{DCC26CFB-01D3-4B4A-96ED-46450371232F}.Release|ARM64.Build.0 = Release|Any CPU
		{DCC26CFB-01D3-4B4A-96ED-46450371232F}.Release|x64.ActiveCfg = Release|Any CPU
		{DCC26CFB-01D3-4B4A-96ED-46450371232F}.Release|x64.Build.0 = Release|Any CPU
		{DCC26CFB-01D3-4B4A-96ED-46450371232F}.Release|x86.ActiveCfg = Release|Any CPU
		{DCC26CFB-01D3-4B4A-96ED-46450371232F}.Release|x86.Build.0 = Release|Any CPU
		{DD149088-8702-488B-B353-6A9B8CA32DB2}.Debug|ARM64.ActiveCfg = Debug|Any CPU
		{DD149088-8702-488B-B353-6A9B8CA32DB2}.Debug|ARM64.Build.0 = Debug|Any CPU
		{DD149088-8702-488B-B353-6A9B8CA32DB2}.Debug|x64.ActiveCfg = Debug|Any CPU
		{DD149088-8702-488B-B353-6A9B8CA32DB2}.Debug|x64.Build.0 = Debug|Any CPU
		{DD149088-8702-488B-B353-6A9B8CA32DB2}.Debug|x86.ActiveCfg = Debug|Any CPU
		{DD149088-8702-488B-B353-6A9B8CA32DB2}.Debug|x86.Build.0 = Debug|Any CPU
		{DD149088-8702-488B-B353-6A9B8CA32DB2}.Release|ARM64.ActiveCfg = Release|Any CPU
		{DD149088-8702-488B-B353-6A9B8CA32DB2}.Release|ARM64.Build.0 = Release|Any CPU
		{DD149088-8702-488B-B353-6A9B8CA32DB2}.Release|x64.ActiveCfg = Release|Any CPU
		{DD149088-8702-488B-B353-6A9B8CA32DB2}.Release|x64.Build.0 = Release|Any CPU
		{DD149088-8702-488B-B353-6A9B8CA32DB2}.Release|x86.ActiveCfg = Release|Any CPU
		{DD149088-8702-488B-B353-6A9B8CA32DB2}.Release|x86.Build.0 = Release|Any CPU
		{77A42BA0-D5EA-4290-860D-3015A32CE159}.Debug|ARM64.ActiveCfg = Debug|Any CPU
		{77A42BA0-D5EA-4290-860D-3015A32CE159}.Debug|ARM64.Build.0 = Debug|Any CPU
		{77A42BA0-D5EA-4290-860D-3015A32CE159}.Debug|x64.ActiveCfg = Debug|Any CPU
		{77A42BA0-D5EA-4290-860D-3015A32CE159}.Debug|x64.Build.0 = Debug|Any CPU
		{77A42BA0-D5EA-4290-860D-3015A32CE159}.Debug|x86.ActiveCfg = Debug|Any CPU
		{77A42BA0-D5EA-4290-860D-3015A32CE159}.Debug|x86.Build.0 = Debug|Any CPU
		{77A42BA0-D5EA-4290-860D-3015A32CE159}.Release|ARM64.ActiveCfg = Release|Any CPU
		{77A42BA0-D5EA-4290-860D-3015A32CE159}.Release|ARM64.Build.0 = Release|Any CPU
		{77A42BA0-D5EA-4290-860D-3015A32CE159}.Release|x64.ActiveCfg = Release|Any CPU
		{77A42BA0-D5EA-4290-860D-3015A32CE159}.Release|x64.Build.0 = Release|Any CPU
		{77A42BA0-D5EA-4290-860D-3015A32CE159}.Release|x86.ActiveCfg = Release|Any CPU
		{77A42BA0-D5EA-4290-860D-3015A32CE159}.Release|x86.Build.0 = Release|Any CPU
	EndGlobalSection
	GlobalSection(SolutionProperties) = preSolution
		HideSolutionNode = FALSE
	EndGlobalSection
	GlobalSection(ExtensibilityGlobals) = postSolution
		SolutionGuid = {10EFE283-5263-48A8-B334-460F2578CA61}
	EndGlobalSection
EndGlobal
